
Microsoft Visual Studio Solution File, Format Version 12.00
# Visual Studio 15
VisualStudioVersion = 15.0.28307.1401
MinimumVisualStudioVersion = 10.0.40219.1
Project("{F184B08F-C81C-45F6-A57F-5ABD9991F28F}") = "GitApp3", "GitApp3.vbproj", "{A5761146-0ABD-4C73-9DB0-946983F9313A}"
EndProject
Global
	GlobalSection(SolutionConfigurationPlatforms) = preSolution
		Debug|Any CPU = Debug|Any CPU
		Release|Any CPU = Release|Any CPU
	EndGlobalSection
	GlobalSection(ProjectConfigurationPlatforms) = postSolution
		{A5761146-0ABD-4C73-9DB0-946983F9313A}.Debug|Any CPU.ActiveCfg = Debug|Any CPU
		{A5761146-0ABD-4C73-9DB0-946983F9313A}.Debug|Any CPU.Build.0 = Debug|Any CPU
		{A5761146-0ABD-4C73-9DB0-946983F9313A}.Release|Any CPU.ActiveCfg = Release|Any CPU
		{A5761146-0ABD-4C73-9DB0-946983F9313A}.Release|Any CPU.Build.0 = Release|Any CPU
	EndGlobalSection
	GlobalSection(SolutionProperties) = preSolution
		HideSolutionNode = FALSE
	EndGlobalSection
	GlobalSection(ExtensibilityGlobals) = postSolution
		SolutionGuid = {BF19FC24-9F54-4EB3-9AA3-A5179E63B017}
	EndGlobalSection
EndGlobal
